
Microsoft Visual Studio Solution File, Format Version 12.00
# Visual Studio Version 17
VisualStudioVersion = 17.10.35122.118
MinimumVisualStudioVersion = 10.0.40219.1
Project("{FAE04EC0-301F-11D3-BF4B-00C04F79EFBC}") = "Mvc-projem", "Mvc-projem\Mvc-projem.csproj", "{3D05D1C5-73DF-4A14-A00D-DC006227006C}"
EndProject
Global
	GlobalSection(SolutionConfigurationPlatforms) = preSolution
		Debug|Any CPU = Debug|Any CPU
		Release|Any CPU = Release|Any CPU
	EndGlobalSection
	GlobalSection(ProjectConfigurationPlatforms) = postSolution
		{3D05D1C5-73DF-4A14-A00D-DC006227006C}.Debug|Any CPU.ActiveCfg = Debug|Any CPU
		{3D05D1C5-73DF-4A14-A00D-DC006227006C}.Debug|Any CPU.Build.0 = Debug|Any CPU
		{3D05D1C5-73DF-4A14-A00D-DC006227006C}.Release|Any CPU.ActiveCfg = Release|Any CPU
		{3D05D1C5-73DF-4A14-A00D-DC006227006C}.Release|Any CPU.Build.0 = Release|Any CPU
	EndGlobalSection
	GlobalSection(SolutionProperties) = preSolution
		HideSolutionNode = FALSE
	EndGlobalSection
	GlobalSection(ExtensibilityGlobals) = postSolution
		SolutionGuid = {EC2A82D8-5F63-499E-B92F-CC9926696CC8}
	EndGlobalSection
EndGlobal
